# THIS IS AN AUTOGENERATED FILE. DO NOT EDIT THIS FILE DIRECTLY.
# yarn lockfile v1


data.task@^3.1.1:
  version "3.1.1"
  resolved "https://registry.yarnpkg.com/data.task/-/data.task-3.1.1.tgz#e985f5bedadd926b2d63c1a5d2076cff917a52ad"

immutable-ext@^1.1.2:
  version "1.1.2"
  resolved "https://registry.yarnpkg.com/immutable-ext/-/immutable-ext-1.1.2.tgz#051e20c19bc58609b8d939194cd105c1c58d152f"

immutable@^3.8.1:
  version "3.8.1"
  resolved "https://registry.yarnpkg.com/immutable/-/immutable-3.8.1.tgz#200807f11ab0f72710ea485542de088075f68cd2"
